
Microsoft Visual Studio Solution File, Format Version 12.00
Project("{FAE04EC0-301F-11D3-BF4B-00C04F79EFBC}") = "AppInRootSolution", "src\AppInRootSolution\AppInRootSolution.csproj", "{F91C31F0-972C-46B4-AA82-B56FCA3F66DC}"
EndProject
Project("{FAE04EC0-301F-11D3-BF4B-00C04F79EFBC}") = "LibInRootSolution", "src\LibInRootSolution\LibInRootSolution.csproj", "{2B5ABD69-5683-42EE-8115-F259E7D9E99E}"
EndProject
Global
	GlobalSection(SolutionConfigurationPlatforms) = preSolution
		Debug|Any CPU = Debug|Any CPU
		Release|Any CPU = Release|Any CPU
	EndGlobalSection
	GlobalSection(ProjectConfigurationPlatforms) = postSolution
		{F91C31F0-972C-46B4-AA82-B56FCA3F66DC}.Debug|Any CPU.ActiveCfg = Debug|Any CPU
		{F91C31F0-972C-46B4-AA82-B56FCA3F66DC}.Debug|Any CPU.Build.0 = Debug|Any CPU
		{F91C31F0-972C-46B4-AA82-B56FCA3F66DC}.Release|Any CPU.ActiveCfg = Release|Any CPU
		{F91C31F0-972C-46B4-AA82-B56FCA3F66DC}.Release|Any CPU.Build.0 = Release|Any CPU
		{2B5ABD69-5683-42EE-8115-F259E7D9E99E}.Debug|Any CPU.ActiveCfg = Debug|Any CPU
		{2B5ABD69-5683-42EE-8115-F259E7D9E99E}.Debug|Any CPU.Build.0 = Debug|Any CPU
		{2B5ABD69-5683-42EE-8115-F259E7D9E99E}.Release|Any CPU.ActiveCfg = Release|Any CPU
		{2B5ABD69-5683-42EE-8115-F259E7D9E99E}.Release|Any CPU.Build.0 = Release|Any CPU
	EndGlobalSection
EndGlobal
